github.com/golang-jwt/jwt/v5 v5.3.1 h1:kYf81DTWFe7t+1VvL7eS+jKFVWaUnK9cB1qbwn63YCY=
github.com/golang-jwt/jwt/v5 v5.3.1/go.mod h1:fxCRLWMO43lRc8nhHWY6LGqRcf+1gQWArsqaEUEa5bE=
github.com/wso2/api-platform/sdk v0.4.5 h1:1T5bY4W0No8SKZiydg8dt/x0iFKWiRTgquzoQd7EXU4=
github.com/wso2/api-platform/sdk v0.4.5/go.mod h1:Zoaj0dOuHmI96K9rY9w2qunjjT4Lcvlq9AYezL4a3/0=
github.com/wso2/api-platform/sdk/core v0.1.2 h1:p/J9pxlxLF+VKkW+BY3x1sh6F7VbiRPKjOOhnUs4Hs0=
github.com/wso2/api-platform/sdk/core v0.1.2/go.mod h1:vgNVzR16g9k5cun3VXZ7wDg8UGbPxsVU2TW8EbRCv0o=
github.com/wso2/gateway-controllers/policies/jwt-auth v0.9.0 h1:UwjkkbNG5sSJl9+RY+CaADo9w/q6Tz5f8ckZBC4kbBU=
github.com/wso2/gateway-controllers/policies/jwt-auth v0.9.0/go.mod h1:wVd0UTGsCKKK8helu5MWnCFmeiQCoyxLG/06mPcANSI=
