github.com/golang-jwt/jwt/v5 v5.3.1 h1:kYf81DTWFe7t+1VvL7eS+jKFVWaUnK9cB1qbwn63YCY=
github.com/golang-jwt/jwt/v5 v5.3.1/go.mod h1:fxCRLWMO43lRc8nhHWY6LGqRcf+1gQWArsqaEUEa5bE=
github.com/wso2/api-platform/sdk/core v0.2.0 h1:nv4Xa4l0cRZYdk5GU1d1gZkxLk5czb7tBjp4zKI3aCU=
github.com/wso2/api-platform/sdk/core v0.2.0/go.mod h1:vgNVzR16g9k5cun3VXZ7wDg8UGbPxsVU2TW8EbRCv0o=
github.com/wso2/gateway-controllers/policies/jwt-auth v0.11.0 h1:QD1Me2nKMMRjiJThYfEtrt/Soks4LccBLL5nvE3bVQE=
github.com/wso2/gateway-controllers/policies/jwt-auth v0.11.0/go.mod h1:5mINohNCZGh3gQz0oA85h1+o62woSZmenovk7Dj1tUw=
